// !$*UTF8*$!
{
	archiveVersion = 1;
	classes = {
	};
	objectVersion = 50;
	objects = {

/* Begin PBXBuildFile section */
		054730E524ED3CC1001E0127 /* AppDelegate.swift in Sources */ = {isa = PBXBuildFile; fileRef = 054730E424ED3CC1001E0127 /* AppDelegate.swift */; };
		054730E724ED3CC1001E0127 /* SceneDelegate.swift in Sources */ = {isa = PBXBuildFile; fileRef = 054730E624ED3CC1001E0127 /* SceneDelegate.swift */; };
		054730E924ED3CC1001E0127 /* ViewController.swift in Sources */ = {isa = PBXBuildFile; fileRef = 054730E824ED3CC1001E0127 /* ViewController.swift */; };
		054730EC24ED3CC1001E0127 /* Main.storyboard in Resources */ = {isa = PBXBuildFile; fileRef = 054730EA24ED3CC1001E0127 /* Main.storyboard */; };
		054730EE24ED3CC2001E0127 /* Assets.xcassets in Resources */ = {isa = PBXBuildFile; fileRef = 054730ED24ED3CC2001E0127 /* Assets.xcassets */; };
		054730F124ED3CC2001E0127 /* LaunchScreen.storyboard in Resources */ = {isa = PBXBuildFile; fileRef = 054730EF24ED3CC2001E0127 /* LaunchScreen.storyboard */; };
/* End PBXBuildFile section */

/* Begin PBXFileReference section */
		054730E124ED3CC1001E0127 /* DjangoPracticeApp.app */ = {isa = PBXFileReference; explicitFileType = wrapper.application; includeInIndex = 0; path = DjangoPracticeApp.app; sourceTree = BUILT_PRODUCTS_DIR; };
		054730E424ED3CC1001E0127 /* AppDelegate.swift */ = {isa = PBXFileReference; lastKnownFileType = sourcecode.swift; path = AppDelegate.swift; sourceTree = "<group>"; };
		054730E624ED3CC1001E0127 /* SceneDelegate.swift */ = {isa = PBXFileReference; lastKnownFileType = sourcecode.swift; path = SceneDelegate.swift; sourceTree = "<group>"; };
		054730E824ED3CC1001E0127 /* ViewController.swift */ = {isa = PBXFileReference; lastKnownFileType = sourcecode.swift; path = ViewController.swift; sourceTree = "<group>"; };
		054730EB24ED3CC1001E0127 /* Base */ = {isa = PBXFileReference; lastKnownFileType = file.storyboard; name = Base; path = Base.lproj/Main.storyboard; sourceTree = "<group>"; };
		054730ED24ED3CC2001E0127 /* Assets.xcassets */ = {isa = PBXFileReference; lastKnownFileType = folder.assetcatalog; path = Assets.xcassets; sourceTree = "<group>"; };
		054730F024ED3CC2001E0127 /* Base */ = {isa = PBXFileReference; lastKnownFileType = file.storyboard; name = Base; path = Base.lproj/LaunchScreen.storyboard; sourceTree = "<group>"; };
		054730F224ED3CC2001E0127 /* Info.plist */ = {isa = PBXFileReference; lastKnownFileType = text.plist.xml; path = Info.plist; sourceTree = "<group>"; };
/* End PBXFileReference section */

/* Begin PBXFrameworksBuildPhase section */
		054730DE24ED3CC1001E0127 /* Frameworks */ = {
			isa = PBXFrameworksBuildPhase;
			buildActionMask = 2147483647;
			files = (
			);
			runOnlyForDeploymentPostprocessing = 0;
		};
/* End PBXFrameworksBuildPhase section */

/* Begin PBXGroup section */
		054730D824ED3CC1001E0127 = {
			isa = PBXGroup;
			children = (
				054730E324ED3CC1001E0127 /* DjangoPracticeApp */,
				054730E224ED3CC1001E0127 /* Products */,
			);
			sourceTree = "<group>";
		};
		054730E224ED3CC1001E0127 /* Products */ = {
			isa = PBXGroup;
			children = (
				054730E124ED3CC1001E0127 /* DjangoPracticeApp.app */,
			);
			name = Products;
			sourceTree = "<group>";
		};
		054730E324ED3CC1001E0127 /* DjangoPracticeApp */ = {
			isa = PBXGroup;
			children = (
				054730E424ED3CC1001E0127 /* AppDelegate.swift */,
				054730E624ED3CC1001E0127 /* SceneDelegate.swift */,
				054730E824ED3CC1001E0127 /* ViewController.swift */,
				054730EA24ED3CC1001E0127 /* Main.storyboard */,
				054730ED24ED3CC2001E0127 /* Assets.xcassets */,
				054730EF24ED3CC2001E0127 /* LaunchScreen.storyboard */,
				054730F224ED3CC2001E0127 /* Info.plist */,
			);
			path = DjangoPracticeApp;
			sourceTree = "<group>";
		};
/* End PBXGroup section */

/* Begin PBXNativeTarget section */
		054730E024ED3CC1001E0127 /* DjangoPracticeApp */ = {
			isa = PBXNativeTarget;
			buildConfigurationList = 054730F524ED3CC2001E0127 /* Build configuration list for PBXNativeTarget "DjangoPracticeApp" */;
			buildPhases = (
				054730DD24ED3CC1001E0127 /* Sources */,
				054730DE24ED3CC1001E0127 /* Frameworks */,
				054730DF24ED3CC1001E0127 /* Resources */,
			);
			buildRules = (
			);
			dependencies = (
			);
			name = DjangoPracticeApp;
			productName = DjangoPracticeApp;
			productReference = 054730E124ED3CC1001E0127 /* DjangoPracticeApp.app */;
			productType = "com.apple.product-type.application";
		};
/* End PBXNativeTarget section */

/* Begin PBXProject section */
		054730D924ED3CC1001E0127 /* Project object */ = {
			isa = PBXProject;
			attributes = {
				LastSwiftUpdateCheck = 1150;
				LastUpgradeCheck = 1150;
				ORGANIZATIONNAME = "Narumi Nogawa";
				TargetAttributes = {
					054730E024ED3CC1001E0127 = {
						CreatedOnToolsVersion = 11.5;
					};
				};
			};
			buildConfigurationList = 054730DC24ED3CC1001E0127 /* Build configuration list for PBXProject "DjangoPracticeApp" */;
			compatibilityVersion = "Xcode 9.3";
			developmentRegion = en;
			hasScannedForEncodings = 0;
			knownRegions = (
				en,
				Base,
			);
			mainGroup = 054730D824ED3CC1001E0127;
			productRefGroup = 054730E224ED3CC1001E0127 /* Products */;
			projectDirPath = "";
			projectRoot = "";
			targets = (
				054730E024ED3CC1001E0127 /* DjangoPracticeApp */,
			);
		};
/* End PBXProject section */

/* Begin PBXResourcesBuildPhase section */
		054730DF24ED3CC1001E0127 /* Resources */ = {
			isa = PBXResourcesBuildPhase;
			buildActionMask = 2147483647;
			files = (
				054730F124ED3CC2001E0127 /* LaunchScreen.storyboard in Resources */,
				054730EE24ED3CC2001E0127 /* Assets.xcassets in Resources */,
				054730EC24ED3CC1001E0127 /* Main.storyboard in Resources */,
			);
			runOnlyForDeploymentPostprocessing = 0;
		};
/* End PBXResourcesBuildPhase section */

/* Begin PBXSourcesBuildPhase section */
		054730DD24ED3CC1001E0127 /* Sources */ = {
			isa = PBXSourcesBuildPhase;
			buildActionMask = 2147483647;
			files = (
				054730E924ED3CC1001E0127 /* ViewController.swift in Sources */,
				054730E524ED3CC1001E0127 /* AppDelegate.swift in Sources */,
				054730E724ED3CC1001E0127 /* SceneDelegate.swift in Sources */,
			);
			runOnlyForDeploymentPostprocessing = 0;
		};
/* End PBXSourcesBuildPhase section */

/* Begin PBXVariantGroup section */
		054730EA24ED3CC1001E0127 /* Main.storyboard */ = {
			isa = PBXVariantGroup;
			children = (
				054730EB24ED3CC1001E0127 /* Base */,
			);
			name = Main.storyboard;
			sourceTree = "<group>";
		};
		054730EF24ED3CC2001E0127 /* LaunchScreen.storyboard */ = {
			isa = PBXVariantGroup;
			children = (
				054730F024ED3CC2001E0127 /* Base */,
			);
			name = LaunchScreen.storyboard;
			sourceTree = "<group>";
		};
/* End PBXVariantGroup section */

/* Begin XCBuildConfiguration section */
		054730F324ED3CC2001E0127 /* Debug */ = {
			isa = XCBuildConfiguration;
			buildSettings = {
				ALWAYS_SEARCH_USER_PATHS = NO;
				CLANG_ANALYZER_NONNULL = YES;
				CLANG_ANALYZER_NUMBER_OBJECT_CONVERSION = YES_AGGRESSIVE;
				CLANG_CXX_LANGUAGE_STANDARD = "gnu++14";
				CLANG_CXX_LIBRARY = "libc++";
				CLANG_ENABLE_MODULES = YES;
				CLANG_ENABLE_OBJC_ARC = YES;
				CLANG_ENABLE_OBJC_WEAK = YES;
				CLANG_WARN_BLOCK_CAPTURE_AUTORELEASING = YES;
				CLANG_WARN_BOOL_CONVERSION = YES;
				CLANG_WARN_COMMA = YES;
				CLANG_WARN_CONSTANT_CONVERSION = YES;
				CLANG_WARN_DEPRECATED_OBJC_IMPLEMENTATIONS = YES;
				CLANG_WARN_DIRECT_OBJC_ISA_USAGE = YES_ERROR;
				CLANG_WARN_DOCUMENTATION_COMMENTS = YES;
				CLANG_WARN_EMPTY_BODY = YES;
				CLANG_WARN_ENUM_CONVERSION = YES;
				CLANG_WARN_INFINITE_RECURSION = YES;
				CLANG_WARN_INT_CONVERSION = YES;
				CLANG_WARN_NON_LITERAL_NULL_CONVERSION = YES;
				CLANG_WARN_OBJC_IMPLICIT_RETAIN_SELF = YES;
				CLANG_WARN_OBJC_LITERAL_CONVERSION = YES;
				CLANG_WARN_OBJC_ROOT_CLASS = YES_ERROR;
				CLANG_WARN_RANGE_LOOP_ANALYSIS = YES;
				CLANG_WARN_STRICT_PROTOTYPES = YES;
				CLANG_WARN_SUSPICIOUS_MOVE = YES;
				CLANG_WARN_UNGUARDED_AVAILABILITY = YES_AGGRESSIVE;
				CLANG_WARN_UNREACHABLE_CODE = YES;
				CLANG_WARN__DUPLICATE_METHOD_MATCH = YES;
				COPY_PHASE_STRIP = NO;
				DEBUG_INFORMATION_FORMAT = dwarf;
				ENABLE_STRICT_OBJC_MSGSEND = YES;
				ENABLE_TESTABILITY = YES;
				GCC_C_LANGUAGE_STANDARD = gnu11;
				GCC_DYNAMIC_NO_PIC = NO;
				GCC_NO_COMMON_BLOCKS = YES;
				GCC_OPTIMIZATION_LEVEL = 0;
				GCC_PREPROCESSOR_DEFINITIONS = (
					"DEBUG=1",
					"$(inherited)",
				);
				GCC_WARN_64_TO_32_BIT_CONVERSION = YES;
				GCC_WARN_ABOUT_RETURN_TYPE = YES_ERROR;
				GCC_WARN_UNDECLARED_SELECTOR = YES;
				GCC_WARN_UNINITIALIZED_AUTOS = YES_AGGRESSIVE;
				GCC_WARN_UNUSED_FUNCTION = YES;
				GCC_WARN_UNUSED_VARIABLE = YES;
				IPHONEOS_DEPLOYMENT_TARGET = 13.5;
				MTL_ENABLE_DEBUG_INFO = INCLUDE_SOURCE;
				MTL_FAST_MATH = YES;
				ONLY_ACTIVE_ARCH = YES;
				SDKROOT = iphoneos;
				SWIFT_ACTIVE_COMPILATION_CONDITIONS = DEBUG;
				SWIFT_OPTIMIZATION_LEVEL = "-Onone";
			};
			name = Debug;
		};
		054730F424ED3CC2001E0127 /* Release */ = {
			isa = XCBuildConfiguration;
			buildSettings = {
				ALWAYS_SEARCH_USER_PATHS = NO;
				CLANG_ANALYZER_NONNULL = YES;
				CLANG_ANALYZER_NUMBER_OBJECT_CONVERSION = YES_AGGRESSIVE;
				CLANG_CXX_LANGUAGE_STANDARD = "gnu++14";
				CLANG_CXX_LIBRARY = "libc++";
				CLANG_ENABLE_MODULES = YES;
				CLANG_ENABLE_OBJC_ARC = YES;
				CLANG_ENABLE_OBJC_WEAK = YES;
				CLANG_WARN_BLOCK_CAPTURE_AUTORELEASING = YES;
				CLANG_WARN_BOOL_CONVERSION = YES;
				CLANG_WARN_COMMA = YES;
				CLANG_WARN_CONSTANT_CONVERSION = YES;
				CLANG_WARN_DEPRECATED_OBJC_IMPLEMENTATIONS = YES;
				CLANG_WARN_DIRECT_OBJC_ISA_USAGE = YES_ERROR;
				CLANG_WARN_DOCUMENTATION_COMMENTS = YES;
				CLANG_WARN_EMPTY_BODY = YES;
				CLANG_WARN_ENUM_CONVERSION = YES;
				CLANG_WARN_INFINITE_RECURSION = YES;
				CLANG_WARN_INT_CONVERSION = YES;
				CLANG_WARN_NON_LITERAL_NULL_CONVERSION = YES;
				CLANG_WARN_OBJC_IMPLICIT_RETAIN_SELF = YES;
				CLANG_WARN_OBJC_LITERAL_CONVERSION = YES;
				CLANG_WARN_OBJC_ROOT_CLASS = YES_ERROR;
				CLANG_WARN_RANGE_LOOP_ANALYSIS = YES;
				CLANG_WARN_STRICT_PROTOTYPES = YES;
				CLANG_WARN_SUSPICIOUS_MOVE = YES;
				CLANG_WARN_UNGUARDED_AVAILABILITY = YES_AGGRESSIVE;
				CLANG_WARN_UNREACHABLE_CODE = YES;
				CLANG_WARN__DUPLICATE_METHOD_MATCH = YES;
				COPY_PHASE_STRIP = NO;
				DEBUG_INFORMATION_FORMAT = "dwarf-with-dsym";
				ENABLE_NS_ASSERTIONS = NO;
				ENABLE_STRICT_OBJC_MSGSEND = YES;
				GCC_C_LANGUAGE_STANDARD = gnu11;
				GCC_NO_COMMON_BLOCKS = YES;
				GCC_WARN_64_TO_32_BIT_CONVERSION = YES;
				GCC_WARN_ABOUT_RETURN_TYPE = YES_ERROR;
				GCC_WARN_UNDECLARED_SELECTOR = YES;
				GCC_WARN_UNINITIALIZED_AUTOS = YES_AGGRESSIVE;
				GCC_WARN_UNUSED_FUNCTION = YES;
				GCC_WARN_UNUSED_VARIABLE = YES;
				IPHONEOS_DEPLOYMENT_TARGET = 13.5;
				MTL_ENABLE_DEBUG_INFO = NO;
				MTL_FAST_MATH = YES;
				SDKROOT = iphoneos;
				SWIFT_COMPILATION_MODE = wholemodule;
				SWIFT_OPTIMIZATION_LEVEL = "-O";
				VALIDATE_PRODUCT = YES;
			};
			name = Release;
		};
		054730F624ED3CC2001E0127 /* Debug */ = {
			isa = XCBuildConfiguration;
			buildSettings = {
				ASSETCATALOG_COMPILER_APPICON_NAME = AppIcon;
				CODE_SIGN_STYLE = Automatic;
				DEVELOPMENT_TEAM = UMBT5JZV43;
				INFOPLIST_FILE = DjangoPracticeApp/Info.plist;
				LD_RUNPATH_SEARCH_PATHS = (
					"$(inherited)",
					"@executable_path/Frameworks",
				);
				PRODUCT_BUNDLE_IDENTIFIER = com.example.kero0711tennis.DjangoPracticeApp;
				PRODUCT_NAME = "$(TARGET_NAME)";
				SWIFT_VERSION = 5.0;
				TARGETED_DEVICE_FAMILY = "1,2";
			};
			name = Debug;
		};
		054730F724ED3CC2001E0127 /* Release */ = {
			isa = XCBuildConfiguration;
			buildSettings = {
				ASSETCATALOG_COMPILER_APPICON_NAME = AppIcon;
				CODE_SIGN_STYLE = Automatic;
				DEVELOPMENT_TEAM = UMBT5JZV43;
				INFOPLIST_FILE = DjangoPracticeApp/Info.plist;
				LD_RUNPATH_SEARCH_PATHS = (
					"$(inherited)",
					"@executable_path/Frameworks",
				);
				PRODUCT_BUNDLE_IDENTIFIER = com.example.kero0711tennis.DjangoPracticeApp;
				PRODUCT_NAME = "$(TARGET_NAME)";
				SWIFT_VERSION = 5.0;
				TARGETED_DEVICE_FAMILY = "1,2";
			};
			name = Release;
		};
/* End XCBuildConfiguration section */

/* Begin XCConfigurationList section */
		054730DC24ED3CC1001E0127 /* Build configuration list for PBXProject "DjangoPracticeApp" */ = {
			isa = XCConfigurationList;
			buildConfigurations = (
				054730F324ED3CC2001E0127 /* Debug */,
				054730F424ED3CC2001E0127 /* Release */,
			);
			defaultConfigurationIsVisible = 0;
			defaultConfigurationName = Release;
		};
		054730F524ED3CC2001E0127 /* Build configuration list for PBXNativeTarget "DjangoPracticeApp" */ = {
			isa = XCConfigurationList;
			buildConfigurations = (
				054730F624ED3CC2001E0127 /* Debug */,
				054730F724ED3CC2001E0127 /* Release */,
			);
			defaultConfigurationIsVisible = 0;
			defaultConfigurationName = Release;
		};
/* End XCConfigurationList section */
	};
	rootObject = 054730D924ED3CC1001E0127 /* Project object */;
}
